synpuf:
  sample_01:beneficiary_2008:
    columns: 32
    csv_file: DE1_0_2008_Beneficiary_Summary_File_Sample_1.csv
    distinct_members: 116352
    downloaded_at: '2026-07-21'
    fallback_used: false
    role: eval_only
    rows: 116352
    sha256: 2b0c9cbfb07a6eb46d5f96472c0891275a390b686c3fa34daae8d3e53d70b18b
    url: https://www.cms.gov/research-statistics-data-and-systems/downloadable-public-use-files/synpufs/downloads/de1_0_2008_beneficiary_summary_file_sample_1.zip
    zip_bytes: 3119160
  sample_01:beneficiary_2009:
    columns: 32
    csv_file: DE1_0_2009_Beneficiary_Summary_File_Sample_1.csv
    distinct_members: 114538
    downloaded_at: '2026-07-21'
    fallback_used: false
    role: eval_only
    rows: 114538
    sha256: dff1853368d8279cd60efabd067ad518decd5f200475134e0b4d0408880bb379
    url: https://www.cms.gov/research-statistics-data-and-systems/downloadable-public-use-files/synpufs/downloads/de1_0_2009_beneficiary_summary_file_sample_1.zip
    zip_bytes: 3177446
  sample_01:beneficiary_2010:
    columns: 32
    csv_file: DE1_0_2010_Beneficiary_Summary_File_Sample_1.csv
    distinct_members: 112754
    downloaded_at: '2026-07-21'
    fallback_used: false
    role: eval_only
    rows: 112754
    sha256: b28b8ac7ecc2ba2fb3138dbba74dd41a183a34d0322c0492f7a87a8e7dc1fdff
    url: https://web.archive.org/web/20141219132014if_/http://www.cms.gov/Research-Statistics-Data-and-Systems/Downloadable-Public-Use-Files/SynPUFs/Downloads/DE1_0_2010_Beneficiary_Summary_File_Sample_1.zip
    zip_bytes: 2960588
  sample_01:inpatient:
    columns: 81
    csv_file: DE1_0_2008_to_2010_Inpatient_Claims_Sample_1.csv
    distinct_members: 37780
    downloaded_at: '2026-07-21'
    fallback_used: false
    role: eval_only
    rows: 66773
    sha256: ac25124184d22863aff538607097d2d0c880d19f7d58f882f9d31129c492d893
    url: https://www.cms.gov/research-statistics-data-and-systems/downloadable-public-use-files/synpufs/downloads/de1_0_2008_to_2010_inpatient_claims_sample_1.zip
    zip_bytes: 4162147
  sample_01:outpatient:
    columns: 76
    csv_file: DE1_0_2008_to_2010_Outpatient_Claims_Sample_1.csv
    distinct_members: 85272
    downloaded_at: '2026-07-21'
    fallback_used: false
    role: eval_only
    rows: 790790
    sha256: 7c94a94c8c676511d0bbea2dae3e6511980bdb8e44003285a0619a7ef38f9495
    url: https://www.cms.gov/research-statistics-data-and-systems/downloadable-public-use-files/synpufs/downloads/de1_0_2008_to_2010_outpatient_claims_sample_1.zip
    zip_bytes: 34456300
  sample_01:pde:
    columns: 8
    csv_file: DE1_0_2008_to_2010_Prescription_Drug_Events_Sample_1.csv
    distinct_members: 99538
    downloaded_at: '2026-07-21'
    fallback_used: false
    role: eval_only
    rows: 5552421
    sha256: 69f704c8d462996a24ff2b6946c420128ac6adf862375e0d9f35eddc835ff0ac
    url: https://downloads.cms.gov/files/DE1_0_2008_to_2010_Prescription_Drug_Events_Sample_1.zip
    zip_bytes: 104703956
  sample_02:beneficiary_2008:
    columns: 32
    csv_file: DE1_0_2008_Beneficiary_Summary_File_Sample_2.csv
    distinct_members: 116395
    downloaded_at: '2026-07-21'
    fallback_used: false
    role: eval_only
    rows: 116395
    sha256: 11346550c705f2c808b4ddb031f430a236e3c630bc78e637b70ea3f3e83ea550
    url: https://www.cms.gov/research-statistics-data-and-systems/downloadable-public-use-files/synpufs/downloads/de1_0_2008_beneficiary_summary_file_sample_2.zip
    zip_bytes: 3120446
  sample_02:beneficiary_2009:
    columns: 32
    csv_file: DE1_0_2009_Beneficiary_Summary_File_Sample_2.csv
    distinct_members: 114618
    downloaded_at: '2026-07-21'
    fallback_used: false
    role: eval_only
    rows: 114618
    sha256: 052f72cb941f3e0e85a4fcaadced020acc13997dc9137c8750a575b50e5f65b5
    url: https://www.cms.gov/research-statistics-data-and-systems/downloadable-public-use-files/synpufs/downloads/de1_0_2009_beneficiary_summary_file_sample_2.zip
    zip_bytes: 3180447
  sample_02:beneficiary_2010:
    columns: 32
    csv_file: DE1_0_2010_Beneficiary_Summary_File_Sample_2.csv
    distinct_members: 112845
    downloaded_at: '2026-07-21'
    fallback_used: false
    role: eval_only
    rows: 112845
    sha256: d15c592cb1b4cfb0a043ff4ef71c757dcaf1a782f7df841cc861935543c32246
    url: https://www.cms.gov/research-statistics-data-and-systems/downloadable-public-use-files/synpufs/downloads/de1_0_2010_beneficiary_summary_file_sample_2.zip
    zip_bytes: 2960653
  sample_02:inpatient:
    columns: 81
    csv_file: DE1_0_2008_to_2010_Inpatient_Claims_Sample_2.csv
    distinct_members: 37661
    downloaded_at: '2026-07-21'
    fallback_used: false
    role: eval_only
    rows: 66494
    sha256: 718ff10f0d04850ee303efec8919e133ddac575f718fa22e255b8755b65ccf93
    url: https://www.cms.gov/research-statistics-data-and-systems/downloadable-public-use-files/synpufs/downloads/de1_0_2008_to_2010_inpatient_claims_sample_2.zip
    zip_bytes: 4129365
  sample_02:outpatient:
    columns: 76
    csv_file: DE1_0_2008_to_2010_Outpatient_Claims_Sample_2.csv
    distinct_members: 85295
    downloaded_at: '2026-07-21'
    fallback_used: false
    role: eval_only
    rows: 792562
    sha256: 0d97316a097d23942ff37dcff2400ec78be25600b2306e87d33fb4dfafae8eb6
    url: https://www.cms.gov/research-statistics-data-and-systems/downloadable-public-use-files/synpufs/downloads/de1_0_2008_to_2010_outpatient_claims_sample_2.zip
    zip_bytes: 34531670
  sample_02:pde:
    columns: 8
    csv_file: DE1_0_2008_to_2010_Prescription_Drug_Events_Sample_2.csv
    distinct_members: 99746
    downloaded_at: '2026-07-21'
    fallback_used: false
    role: eval_only
    rows: 5561154
    sha256: a6170566648b8f1e28e5745214ad1c061a4dc6b49eb0d5e0f4858ca1a3387986
    url: https://downloads.cms.gov/files/DE1_0_2008_to_2010_Prescription_Drug_Events_Sample_2.zip
    zip_bytes: 104611215
  sample_03:beneficiary_2008:
    columns: 32
    csv_file: DE1_0_2008_Beneficiary_Summary_File_Sample_3.csv
    distinct_members: 116390
    downloaded_at: '2026-07-21'
    fallback_used: false
    role: pretrain
    rows: 116390
    sha256: 7931cc650a7b8bed955ba4e194a8dbb8c30ef139816cbd05bcefb019f4c4cc7b
    url: https://www.cms.gov/research-statistics-data-and-systems/downloadable-public-use-files/synpufs/downloads/de1_0_2008_beneficiary_summary_file_sample_3.zip
    zip_bytes: 3119868
  sample_03:beneficiary_2009:
    columns: 32
    csv_file: DE1_0_2009_Beneficiary_Summary_File_Sample_3.csv
    distinct_members: 114644
    downloaded_at: '2026-07-21'
    fallback_used: false
    role: pretrain
    rows: 114644
    sha256: 225f6d38e9826cf8513ceee87e5f56a26bac31087a7241fe4a86d708ceab95fe
    url: https://www.cms.gov/research-statistics-data-and-systems/downloadable-public-use-files/synpufs/downloads/de1_0_2009_beneficiary_summary_file_sample_3.zip
    zip_bytes: 3180283
  sample_03:beneficiary_2010:
    columns: 32
    csv_file: DE1_0_2010_Beneficiary_Summary_File_Sample_3.csv
    distinct_members: 112812
    downloaded_at: '2026-07-21'
    fallback_used: false
    role: pretrain
    rows: 112812
    sha256: 6a3d21c69f7c1a6aa2b15e3fa59250175a5ae78a5811b54542095414dca96d7e
    url: https://www.cms.gov/research-statistics-data-and-systems/downloadable-public-use-files/synpufs/downloads/de1_0_2010_beneficiary_summary_file_sample_3.zip
    zip_bytes: 2960557
  sample_03:inpatient:
    columns: 81
    csv_file: DE1_0_2008_to_2010_Inpatient_Claims_Sample_3.csv
    distinct_members: 37826
    downloaded_at: '2026-07-21'
    fallback_used: false
    role: pretrain
    rows: 66672
    sha256: 5f7becbf4a45d2dda175800adeea1fc380180a2c5e2f835ef68563918782f483
    url: https://www.cms.gov/research-statistics-data-and-systems/downloadable-public-use-files/synpufs/downloads/de1_0_2008_to_2010_inpatient_claims_sample_3.zip
    zip_bytes: 4152383
  sample_03:outpatient:
    columns: 76
    csv_file: DE1_0_2008_to_2010_Outpatient_Claims_Sample_3.csv
    distinct_members: 85349
    downloaded_at: '2026-07-21'
    fallback_used: false
    role: pretrain
    rows: 792415
    sha256: 91795f140907aec5172e0ce5f4f97ec29d8a15badeb1cd4f587dd342e4ea01bd
    url: https://www.cms.gov/research-statistics-data-and-systems/downloadable-public-use-files/synpufs/downloads/de1_0_2008_to_2010_outpatient_claims_sample_3.zip
    zip_bytes: 34464393
  sample_03:pde:
    columns: 8
    csv_file: DE1_0_2008_to_2010_Prescription_Drug_Events_Sample_3.csv
    distinct_members: 99657
    downloaded_at: '2026-07-21'
    fallback_used: false
    role: pretrain
    rows: 5557147
    sha256: a4a975ca6c03eda78a087a8b7f6165a718f1fb75739020b7602f8842cbf41c80
    url: https://downloads.cms.gov/files/DE1_0_2008_to_2010_Prescription_Drug_Events_Sample_3.zip
    zip_bytes: 104690126
  sample_04:beneficiary_2008:
    columns: 32
    csv_file: DE1_0_2008_Beneficiary_Summary_File_Sample_4.csv
    distinct_members: 116279
    downloaded_at: '2026-07-21'
    fallback_used: false
    role: pretrain
    rows: 116279
    sha256: 2be370949f232a9495146c25d2d7b3bdeedeba6ab272361d472f986cc918703b
    url: https://www.cms.gov/research-statistics-data-and-systems/downloadable-public-use-files/synpufs/downloads/de1_0_2008_beneficiary_summary_file_sample_4.zip
    zip_bytes: 3116834
  sample_04:beneficiary_2009:
    columns: 32
    csv_file: DE1_0_2009_Beneficiary_Summary_File_Sample_4.csv
    distinct_members: 114528
    downloaded_at: '2026-07-21'
    fallback_used: false
    role: pretrain
    rows: 114528
    sha256: c41eb893ae8a7fa75ada4166fe30c4282ffb56958816f234fc9d344ceed14021
    url: https://www.cms.gov/research-statistics-data-and-systems/downloadable-public-use-files/synpufs/downloads/de1_0_2009_beneficiary_summary_file_sample_4.zip
    zip_bytes: 3175943
  sample_04:beneficiary_2010:
    columns: 32
    csv_file: DE1_0_2010_Beneficiary_Summary_File_Sample_4.csv
    distinct_members: 112699
    downloaded_at: '2026-07-21'
    fallback_used: false
    role: pretrain
    rows: 112699
    sha256: a290ded9b1e8b09b72622785e2eae1152c16dbfba87177de28be6317f3a9c611
    url: https://www.cms.gov/research-statistics-data-and-systems/downloadable-public-use-files/synpufs/downloads/de1_0_2010_beneficiary_summary_file_sample_4.zip
    zip_bytes: 2955541
  sample_04:inpatient:
    columns: 81
    csv_file: DE1_0_2008_to_2010_Inpatient_Claims_Sample_4.csv
    distinct_members: 37715
    downloaded_at: '2026-07-21'
    fallback_used: false
    role: pretrain
    rows: 66253
    sha256: 74b296104dd3cc6bb8728a50a279bcc1ca88021627f0341cba1a3cfd5d4cda61
    url: https://www.cms.gov/research-statistics-data-and-systems/downloadable-public-use-files/synpufs/downloads/de1_0_2008_to_2010_inpatient_claims_sample_4.zip
    zip_bytes: 4126689
  sample_04:outpatient:
    columns: 76
    csv_file: DE1_0_2008_to_2010_Outpatient_Claims_Sample_4.csv
    distinct_members: 85172
    downloaded_at: '2026-07-21'
    fallback_used: false
    role: pretrain
    rows: 789485
    sha256: 56a0f86d2a1d5835f852a9a95a357c83775d03573fe52e809e353233bf232759
    url: https://www.cms.gov/research-statistics-data-and-systems/downloadable-public-use-files/synpufs/downloads/de1_0_2008_to_2010_outpatient_claims_sample_4.zip
    zip_bytes: 34359950
  sample_04:pde:
    columns: 8
    csv_file: DE1_0_2008_to_2010_Prescription_Drug_Events_Sample_4.csv
    distinct_members: 99597
    downloaded_at: '2026-07-21'
    fallback_used: false
    role: pretrain
    rows: 5549070
    sha256: 759dbe0aab9290e8a07fae8269fad22e01e40d862ee0c515d206dfc386e0823c
    url: https://downloads.cms.gov/files/DE1_0_2008_to_2010_Prescription_Drug_Events_Sample_4.zip
    zip_bytes: 104566651
  sample_05:beneficiary_2008:
    columns: 32
    csv_file: DE1_0_2008_Beneficiary_Summary_File_Sample_5.csv
    distinct_members: 116364
    downloaded_at: '2026-07-21'
    fallback_used: false
    role: pretrain
    rows: 116364
    sha256: b16d47f9bcfe6ee976bab2df185fd74e731a7d28a93084525ce8789730950f97
    url: https://www.cms.gov/research-statistics-data-and-systems/downloadable-public-use-files/synpufs/downloads/de1_0_2008_beneficiary_summary_file_sample_5.zip
    zip_bytes: 3119446
  sample_05:beneficiary_2009:
    columns: 32
    csv_file: DE1_0_2009_Beneficiary_Summary_File_Sample_5.csv
    distinct_members: 114539
    downloaded_at: '2026-07-21'
    fallback_used: false
    role: pretrain
    rows: 114539
    sha256: 345e5d21a8d0f824e230b1b53011e82b0302a4cbbc43f9223d63c23533d921a3
    url: https://www.cms.gov/research-statistics-data-and-systems/downloadable-public-use-files/synpufs/downloads/de1_0_2009_beneficiary_summary_file_sample_5.zip
    zip_bytes: 3176922
  sample_05:beneficiary_2010:
    columns: 32
    csv_file: DE1_0_2010_Beneficiary_Summary_File_Sample_5.csv
    distinct_members: 112687
    downloaded_at: '2026-07-21'
    fallback_used: false
    role: pretrain
    rows: 112687
    sha256: eb6ef34482001dc7b9027abe7be12912e1eb6d50adebb054c611a2d308f0e947
    url: https://www.cms.gov/research-statistics-data-and-systems/downloadable-public-use-files/synpufs/downloads/de1_0_2010_beneficiary_summary_file_sample_5.zip
    zip_bytes: 2958349
  sample_05:inpatient:
    columns: 81
    csv_file: DE1_0_2008_to_2010_Inpatient_Claims_Sample_5.csv
    distinct_members: 37577
    downloaded_at: '2026-07-21'
    fallback_used: false
    role: pretrain
    rows: 66414
    sha256: 67bd46276eb4867a67e703bd9dfb8448851a015139e29dbbb222f3feee1ff5e6
    url: https://www.cms.gov/research-statistics-data-and-systems/downloadable-public-use-files/synpufs/downloads/de1_0_2008_to_2010_inpatient_claims_sample_5.zip
    zip_bytes: 4132601
  sample_05:outpatient:
    columns: 76
    csv_file: DE1_0_2008_to_2010_Outpatient_Claims_Sample_5.csv
    distinct_members: 85236
    downloaded_at: '2026-07-21'
    fallback_used: false
    role: pretrain
    rows: 790538
    sha256: 0d2730a3031dd4bd5e31f57d3f072b03d808cf3737c71c8a052d3d0f603789e9
    url: https://www.cms.gov/research-statistics-data-and-systems/downloadable-public-use-files/synpufs/downloads/de1_0_2008_to_2010_outpatient_claims_sample_5.zip
    zip_bytes: 34410384
  sample_05:pde:
    columns: 8
    csv_file: DE1_0_2008_to_2010_Prescription_Drug_Events_Sample_5.csv
    distinct_members: 99648
    downloaded_at: '2026-07-21'
    fallback_used: false
    role: pretrain
    rows: 5549634
    sha256: d3fabcfa2da344deb0c84909616151ef9f0552bc169bbcde9a995123010ee277
    url: https://downloads.cms.gov/files/DE1_0_2008_to_2010_Prescription_Drug_Events_Sample_5.zip
    zip_bytes: 104472158
  sample_06:beneficiary_2008:
    columns: 32
    csv_file: DE1_0_2008_Beneficiary_Summary_File_Sample_6.csv
    distinct_members: 116234
    downloaded_at: '2026-07-21'
    fallback_used: false
    role: pretrain
    rows: 116234
    sha256: 6f5fbeebddf648a2b492b5dd66f2cc53558d82b43bea7af3dabb698c0a2a553f
    url: https://www.cms.gov/research-statistics-data-and-systems/downloadable-public-use-files/synpufs/downloads/de1_0_2008_beneficiary_summary_file_sample_6.zip
    zip_bytes: 3117133
  sample_06:beneficiary_2009:
    columns: 32
    csv_file: DE1_0_2009_Beneficiary_Summary_File_Sample_6.csv
    distinct_members: 114532
    downloaded_at: '2026-07-21'
    fallback_used: false
    role: pretrain
    rows: 114532
    sha256: fefeff1462fb1f870f2e7bdd177da39f88a4039daf8fc3c5c07bba7bcbb4c6e9
    url: https://www.cms.gov/research-statistics-data-and-systems/downloadable-public-use-files/synpufs/downloads/de1_0_2009_beneficiary_summary_file_sample_6.zip
    zip_bytes: 3180982
  sample_06:beneficiary_2010:
    columns: 32
    csv_file: DE1_0_2010_Beneficiary_Summary_File_Sample_6.csv
    distinct_members: 112713
    downloaded_at: '2026-07-21'
    fallback_used: false
    role: pretrain
    rows: 112713
    sha256: 1172a2d85cb7d98222343a6b2386ef3982fcbec77b035cc1eec6cc77d5c41af5
    url: https://www.cms.gov/research-statistics-data-and-systems/downloadable-public-use-files/synpufs/downloads/de1_0_2010_beneficiary_summary_file_sample_6.zip
    zip_bytes: 2960475
  sample_06:inpatient:
    columns: 81
    csv_file: DE1_0_2008_to_2010_Inpatient_Claims_Sample_6.csv
    distinct_members: 37901
    downloaded_at: '2026-07-21'
    fallback_used: false
    role: pretrain
    rows: 66977
    sha256: 8c3bcb9721585bc73093ec7ea7d574ba56098738cafb98d3c7554fbb5c511561
    url: https://www.cms.gov/research-statistics-data-and-systems/downloadable-public-use-files/synpufs/downloads/de1_0_2008_to_2010_inpatient_claims_sample_6.zip
    zip_bytes: 4168407
  sample_06:outpatient:
    columns: 76
    csv_file: DE1_0_2008_to_2010_Outpatient_Claims_Sample_6.csv
    distinct_members: 85311
    downloaded_at: '2026-07-21'
    fallback_used: false
    role: pretrain
    rows: 793146
    sha256: 7f34fb8a070b4474a3ec2cd1f464ac0f37fe68dc4aee9b1fcade3fbc2af678f6
    url: https://www.cms.gov/research-statistics-data-and-systems/downloadable-public-use-files/synpufs/downloads/de1_0_2008_to_2010_outpatient_claims_sample_6.zip
    zip_bytes: 34533610
  sample_06:pde:
    columns: 8
    csv_file: DE1_0_2008_to_2010_Prescription_Drug_Events_Sample_6.csv
    distinct_members: 99565
    downloaded_at: '2026-07-21'
    fallback_used: false
    role: pretrain
    rows: 5557441
    sha256: 31abf3a0313f8a54597789176c1a7fc8e55e17cbf927a3ae273b1933d07c4921
    url: https://downloads.cms.gov/files/DE1_0_2008_to_2010_Prescription_Drug_Events_Sample_6.zip
    zip_bytes: 104561973
  sample_07:beneficiary_2008:
    columns: 32
    csv_file: DE1_0_2008_Beneficiary_Summary_File_Sample_7.csv
    distinct_members: 116352
    downloaded_at: '2026-07-21'
    fallback_used: false
    role: pretrain
    rows: 116352
    sha256: 569eff34123036b4edc07289337faccc58220d738857c15b2d06a850dd826671
    url: https://www.cms.gov/research-statistics-data-and-systems/downloadable-public-use-files/synpufs/downloads/de1_0_2008_beneficiary_summary_file_sample_7.zip
    zip_bytes: 3119915
  sample_07:beneficiary_2009:
    columns: 32
    csv_file: DE1_0_2009_Beneficiary_Summary_File_Sample_7.csv
    distinct_members: 114569
    downloaded_at: '2026-07-21'
    fallback_used: false
    role: pretrain
    rows: 114569
    sha256: c5033420ffa695ce920e5112d31a49495383f862efa967eaf4d05606d5153501
    url: https://www.cms.gov/research-statistics-data-and-systems/downloadable-public-use-files/synpufs/downloads/de1_0_2009_beneficiary_summary_file_sample_7.zip
    zip_bytes: 3179845
  sample_07:beneficiary_2010:
    columns: 32
    csv_file: DE1_0_2010_Beneficiary_Summary_File_Sample_7.csv
    distinct_members: 112747
    downloaded_at: '2026-07-21'
    fallback_used: false
    role: pretrain
    rows: 112747
    sha256: c12bbef0e2d448599472a97ab57fd2227422930b50fb6605960a1215d27ee69f
    url: https://www.cms.gov/research-statistics-data-and-systems/downloadable-public-use-files/synpufs/downloads/de1_0_2010_beneficiary_summary_file_sample_7.zip
    zip_bytes: 2960863
  sample_07:inpatient:
    columns: 81
    csv_file: DE1_0_2008_to_2010_Inpatient_Claims_Sample_7.csv
    distinct_members: 37831
    downloaded_at: '2026-07-21'
    fallback_used: false
    role: pretrain
    rows: 66791
    sha256: f82d41f5a81e4e6ad35eb940eac29ad349eea81473a247ccc2fb1f2e040402c1
    url: https://www.cms.gov/research-statistics-data-and-systems/downloadable-public-use-files/synpufs/downloads/de1_0_2008_to_2010_inpatient_claims_sample_7.zip
    zip_bytes: 4159198
  sample_07:outpatient:
    columns: 76
    csv_file: DE1_0_2008_to_2010_Outpatient_Claims_Sample_7.csv
    distinct_members: 85231
    downloaded_at: '2026-07-21'
    fallback_used: false
    role: pretrain
    rows: 791916
    sha256: 5e63048d5e824c80f9ce68f9c5cd94ac344dbe125f4ee64cf36b5d097c33366e
    url: https://www.cms.gov/research-statistics-data-and-systems/downloadable-public-use-files/synpufs/downloads/de1_0_2008_to_2010_outpatient_claims_sample_7.zip
    zip_bytes: 34515632
  sample_07:pde:
    columns: 8
    csv_file: DE1_0_2008_to_2010_Prescription_Drug_Events_Sample_7.csv
    distinct_members: 99743
    downloaded_at: '2026-07-21'
    fallback_used: false
    role: pretrain
    rows: 5560085
    sha256: 823ad494da29e1f390552785cce94d856743b55b948cb6f86c98c81b6e6a47ae
    url: https://downloads.cms.gov/files/DE1_0_2008_to_2010_Prescription_Drug_Events_Sample_7.zip
    zip_bytes: 104869100
